
Microsoft Visual Studio Solution File, Format Version 12.00
# Visual Studio Version 16
VisualStudioVersion = 16.0.28803.352
MinimumVisualStudioVersion = 10.0.40219.1
Project("{FAE04EC0-301F-11D3-BF4B-00C04F79EFBC}") = "tp7.Taller1-LunaPerdigonConradoLeon", "tp7.Taller1-LunaPerdigonConradoLeon\tp7.Taller1-LunaPerdigonConradoLeon.csproj", "{B5842C80-556C-4A29-A20C-97DD92861F20}"
EndProject
Project("{FAE04EC0-301F-11D3-BF4B-00C04F79EFBC}") = "NuevoIntento", "..\..\..\..\..\..\..\..\source\repos\NuevoIntento\NuevoIntento.csproj", "{D3879460-14E7-4FDF-8913-65C50D8A3BAF}"
EndProject
Global
	GlobalSection(SolutionConfigurationPlatforms) = preSolution
		Debug|Any CPU = Debug|Any CPU
		Release|Any CPU = Release|Any CPU
	EndGlobalSection
	GlobalSection(ProjectConfigurationPlatforms) = postSolution
		{B5842C80-556C-4A29-A20C-97DD92861F20}.Debug|Any CPU.ActiveCfg = Debug|Any CPU
		{B5842C80-556C-4A29-A20C-97DD92861F20}.Debug|Any CPU.Build.0 = Debug|Any CPU
		{B5842C80-556C-4A29-A20C-97DD92861F20}.Release|Any CPU.ActiveCfg = Release|Any CPU
		{B5842C80-556C-4A29-A20C-97DD92861F20}.Release|Any CPU.Build.0 = Release|Any CPU
		{D3879460-14E7-4FDF-8913-65C50D8A3BAF}.Debug|Any CPU.ActiveCfg = Debug|Any CPU
		{D3879460-14E7-4FDF-8913-65C50D8A3BAF}.Debug|Any CPU.Build.0 = Debug|Any CPU
		{D3879460-14E7-4FDF-8913-65C50D8A3BAF}.Release|Any CPU.ActiveCfg = Release|Any CPU
		{D3879460-14E7-4FDF-8913-65C50D8A3BAF}.Release|Any CPU.Build.0 = Release|Any CPU
	EndGlobalSection
	GlobalSection(SolutionProperties) = preSolution
		HideSolutionNode = FALSE
	EndGlobalSection
	GlobalSection(ExtensibilityGlobals) = postSolution
		SolutionGuid = {5C511C0A-625C-4DBC-B0B5-02CCB74D7D46}
	EndGlobalSection
EndGlobal
